// !$*UTF8*$!
{
	archiveVersion = 1;
	classes = {
	};
	objectVersion = 56;
	objects = {

/* Begin PBXBuildFile section */
		FEB326B61B1C4294B3C694E2 /* GapScheduleApp.swift in Sources */ = {isa = PBXBuildFile; fileRef = 09113709B5F34009BF21706D /* GapScheduleApp.swift */; };
		C16FF1141F05460BBC8805C8 /* ContentView.swift in Sources */ = {isa = PBXBuildFile; fileRef = E9D719718A41482784B26B1A /* ContentView.swift */; };
		7AF4DBD686EB4E83B94308F4 /* TaskData.swift in Sources */ = {isa = PBXBuildFile; fileRef = CBCA26DD689A480DB05DD9F4 /* TaskData.swift */; };
		39BA004B97DF4A3DB56B757A /* TaskStore.swift in Sources */ = {isa = PBXBuildFile; fileRef = B2F8C09EB3534EC9BE5193D8 /* TaskStore.swift */; };
		05918DA446C943F29B1E908B /* CalendarGridView.swift in Sources */ = {isa = PBXBuildFile; fileRef = 16041C86875A413BABCBD082 /* CalendarGridView.swift */; };
		4C3296C0835F4D39BF5DE879 /* TaskRowView.swift in Sources */ = {isa = PBXBuildFile; fileRef = 0A3F2F88973446B0BA1F7ED1 /* TaskRowView.swift */; };
		E9F22934079742288571BDDC /* ReminderPopupView.swift in Sources */ = {isa = PBXBuildFile; fileRef = 36F087B948C94F2780B85C28 /* ReminderPopupView.swift */; };
		1F5494DD51124CE4A8346696 /* TaskEditorView.swift in Sources */ = {isa = PBXBuildFile; fileRef = 72FAA8F0C5884A278C737F1B /* TaskEditorView.swift */; };
		03EAF77811434A8D8213C340 /* DashboardView.swift in Sources */ = {isa = PBXBuildFile; fileRef = 17D12762A42847EAAA518C38 /* DashboardView.swift */; };
		FC23B1A00F3A4EFCB487F321 /* NotificationManager.swift in Sources */ = {isa = PBXBuildFile; fileRef = 5A4FD015FD7240D3B99FF9F0 /* NotificationManager.swift */; };
		B10AA7A3F679412C9690BF41 /* ScheduleManager.swift in Sources */ = {isa = PBXBuildFile; fileRef = B5364244902B47E197C4B53A /* ScheduleManager.swift */; };
		387D796BF77E4ADA9DBEA198 /* SpeechManager.swift in Sources */ = {isa = PBXBuildFile; fileRef = 1EE2E7E5F9A243A1B6989CD5 /* SpeechManager.swift */; };

/* End PBXBuildFile section */

/* Begin PBXFileReference section */
		09113709B5F34009BF21706D /* GapScheduleApp.swift */ = {isa = PBXFileReference; lastKnownFileType = sourcecode.swift; path = GapScheduleApp.swift; sourceTree = "<group>"; };
		E9D719718A41482784B26B1A /* ContentView.swift */ = {isa = PBXFileReference; lastKnownFileType = sourcecode.swift; path = ContentView.swift; sourceTree = "<group>"; };
		CBCA26DD689A480DB05DD9F4 /* TaskData.swift */ = {isa = PBXFileReference; lastKnownFileType = sourcecode.swift; path = TaskData.swift; sourceTree = "<group>"; };
		B2F8C09EB3534EC9BE5193D8 /* TaskStore.swift */ = {isa = PBXFileReference; lastKnownFileType = sourcecode.swift; path = TaskStore.swift; sourceTree = "<group>"; };
		16041C86875A413BABCBD082 /* CalendarGridView.swift */ = {isa = PBXFileReference; lastKnownFileType = sourcecode.swift; path = CalendarGridView.swift; sourceTree = "<group>"; };
		0A3F2F88973446B0BA1F7ED1 /* TaskRowView.swift */ = {isa = PBXFileReference; lastKnownFileType = sourcecode.swift; path = TaskRowView.swift; sourceTree = "<group>"; };
		36F087B948C94F2780B85C28 /* ReminderPopupView.swift */ = {isa = PBXFileReference; lastKnownFileType = sourcecode.swift; path = ReminderPopupView.swift; sourceTree = "<group>"; };
		72FAA8F0C5884A278C737F1B /* TaskEditorView.swift */ = {isa = PBXFileReference; lastKnownFileType = sourcecode.swift; path = TaskEditorView.swift; sourceTree = "<group>"; };
		17D12762A42847EAAA518C38 /* DashboardView.swift */ = {isa = PBXFileReference; lastKnownFileType = sourcecode.swift; path = DashboardView.swift; sourceTree = "<group>"; };
		5A4FD015FD7240D3B99FF9F0 /* NotificationManager.swift */ = {isa = PBXFileReference; lastKnownFileType = sourcecode.swift; path = NotificationManager.swift; sourceTree = "<group>"; };
		B5364244902B47E197C4B53A /* ScheduleManager.swift */ = {isa = PBXFileReference; lastKnownFileType = sourcecode.swift; path = ScheduleManager.swift; sourceTree = "<group>"; };
		1EE2E7E5F9A243A1B6989CD5 /* SpeechManager.swift */ = {isa = PBXFileReference; lastKnownFileType = sourcecode.swift; path = SpeechManager.swift; sourceTree = "<group>"; };
		4DEB431290C34AADA9AFD19C /* Info.plist */ = {isa = PBXFileReference; lastKnownFileType = text.plist.xml; path = Info.plist; sourceTree = "<group>"; };
		27A5838C271E4FA8961A1597 /* GapSchedule.app */ = {isa = PBXFileReference; explicitFileType = wrapper.application; includeInIndex = 0; path = GapSchedule.app; sourceTree = BUILT_PRODUCTS_DIR; };

/* End PBXFileReference section */

/* Begin PBXGroup section */
		E5E91EEB56FE4E1A8ED312DF = {
			isa = PBXGroup;
			children = (
				584CFD4C32874F28A3B12938 /* GapSchedule */,
				47D2B7B67B634A278796E6DB /* Products */,
			);
			sourceTree = "<group>";
		};
		584CFD4C32874F28A3B12938 = {
			isa = PBXGroup;
			children = (
				09113709B5F34009BF21706D /* GapScheduleApp.swift */,
				E9D719718A41482784B26B1A /* ContentView.swift */,
				F1D7F2EC8B834B6486F0B4E2 /* Managers */,
				E2AC9061E4C04F348AEC6931 /* Models */,
				6484B94E1B844CC18617A80C /* Views */,
				4DEB431290C34AADA9AFD19C /* Info.plist */,
			);
			path = GapSchedule;
			sourceTree = "<group>";
		};
		F1D7F2EC8B834B6486F0B4E2 /* Managers */ = {
			isa = PBXGroup;
			children = (
				5A4FD015FD7240D3B99FF9F0 /* NotificationManager.swift */,
				B5364244902B47E197C4B53A /* ScheduleManager.swift */,
				1EE2E7E5F9A243A1B6989CD5 /* SpeechManager.swift */,
			);
			path = Managers;
			sourceTree = "<group>";
		};
		E2AC9061E4C04F348AEC6931 /* Models */ = {
			isa = PBXGroup;
			children = (
				CBCA26DD689A480DB05DD9F4 /* TaskData.swift */,
				B2F8C09EB3534EC9BE5193D8 /* TaskStore.swift */,
			);
			path = Models;
			sourceTree = "<group>";
		};
		6484B94E1B844CC18617A80C /* Views */ = {
			isa = PBXGroup;
			children = (
				16041C86875A413BABCBD082 /* CalendarGridView.swift */,
				0A3F2F88973446B0BA1F7ED1 /* TaskRowView.swift */,
				36F087B948C94F2780B85C28 /* ReminderPopupView.swift */,
				72FAA8F0C5884A278C737F1B /* TaskEditorView.swift */,
				17D12762A42847EAAA518C38 /* DashboardView.swift */,
			);
			path = Views;
			sourceTree = "<group>";
		};
		47D2B7B67B634A278796E6DB = {
			isa = PBXGroup;
			children = (
				27A5838C271E4FA8961A1597 /* GapSchedule.app */,
			);
			name = Products;
			sourceTree = "<group>";
		};

/* End PBXGroup section */

/* Begin PBXNativeTarget section */
		98A3FD4A14C34443AE62E7DE /* GapSchedule */ = {
			isa = PBXNativeTarget;
			buildConfigurationList = 2B388729DB8040AB82F42222 /* Build configuration list */;
			buildPhases = (
				142E6AEB977A48EC900C2DCC /* Sources */,
				177DFB060DA143C69741F61D /* Resources */,
			);
			buildRules = ();
			dependencies = ();
			name = GapSchedule;
			productName = GapSchedule;
			productReference = 27A5838C271E4FA8961A1597 /* GapSchedule.app */;
			productType = "com.apple.product-type.application";
		};

/* End PBXNativeTarget section */

/* Begin PBXProject section */
		EC222576C61140FFBC4DAA33 /* Project object */ = {
			isa = PBXProject;
			attributes = {
				BuildIndependentTargetsInParallel = 1;
				LastSwiftUpdateCheck = 1540;
				LastUpgradeCheck = 1540;
				TargetAttributes = {
					98A3FD4A14C34443AE62E7DE = {
						CreatedOnToolsVersion = 15.4;
					};
				};
			};
			buildConfigurationList = F1F9CA8DFE1B455B938FD6BA /* Build configuration list */;
			compatibilityVersion = "Xcode 15.0";
			developmentRegion = "zh-Hans";
			hasScannedForEncodings = 0;
			knownRegions = (en, "zh-Hans");
			mainGroup = E5E91EEB56FE4E1A8ED312DF;
			productRefGroup = 47D2B7B67B634A278796E6DB /* Products */;
			projectDirPath = "";
			projectRoot = "";
			targets = (
				98A3FD4A14C34443AE62E7DE /* GapSchedule */,
			);
		};

/* End PBXProject section */

/* Begin PBXResourcesBuildPhase section */
		177DFB060DA143C69741F61D /* Resources */ = {
			isa = PBXResourcesBuildPhase;
			buildActionMask = 2147483647;
			files = (
			);
			runOnlyForDeploymentPostprocessing = 0;
		};

/* End PBXResourcesBuildPhase section */

/* Begin PBXSourcesBuildPhase section */
		142E6AEB977A48EC900C2DCC /* Sources */ = {
			isa = PBXSourcesBuildPhase;
			buildActionMask = 2147483647;
			files = (
				FEB326B61B1C4294B3C694E2 /* GapScheduleApp.swift in Sources */,
				C16FF1141F05460BBC8805C8 /* ContentView.swift in Sources */,
				7AF4DBD686EB4E83B94308F4 /* TaskData.swift in Sources */,
				39BA004B97DF4A3DB56B757A /* TaskStore.swift in Sources */,
				05918DA446C943F29B1E908B /* CalendarGridView.swift in Sources */,
				4C3296C0835F4D39BF5DE879 /* TaskRowView.swift in Sources */,
				E9F22934079742288571BDDC /* ReminderPopupView.swift in Sources */,
				1F5494DD51124CE4A8346696 /* TaskEditorView.swift in Sources */,
				03EAF77811434A8D8213C340 /* DashboardView.swift in Sources */,
				FC23B1A00F3A4EFCB487F321 /* NotificationManager.swift in Sources */,
				B10AA7A3F679412C9690BF41 /* ScheduleManager.swift in Sources */,
				387D796BF77E4ADA9DBEA198 /* SpeechManager.swift in Sources */,
			);
			runOnlyForDeploymentPostprocessing = 0;
		};

/* End PBXSourcesBuildPhase section */

/* Begin XCBuildConfiguration section */
		3A73FADA11914A8498EB72E9 /* Debug */ = {
			isa = XCBuildConfiguration;
			buildSettings = {
				ALWAYS_SEARCH_USER_PATHS = NO;
				CLANG_ENABLE_MODULES = YES;
				IPHONEOS_DEPLOYMENT_TARGET = 16.0;
				SDKROOT = iphoneos;
				SWIFT_VERSION = 5.0;
			};
			name = Debug;
		};
		093398FD300E41E1979EDB33 /* Release */ = {
			isa = XCBuildConfiguration;
			buildSettings = {
				ALWAYS_SEARCH_USER_PATHS = NO;
				CLANG_ENABLE_MODULES = YES;
				IPHONEOS_DEPLOYMENT_TARGET = 16.0;
				SDKROOT = iphoneos;
				SWIFT_VERSION = 5.0;
			};
			name = Release;
		};
		9F9C5C2ACEB54C62BBAA658E /* Debug */ = {
			isa = XCBuildConfiguration;
			buildSettings = {
				ASSETCATALOG_COMPILER_APPICON_NAME = AppIcon;
				CODE_SIGN_IDENTITY = "";
				CODE_SIGN_STYLE = Manual;
				CURRENT_PROJECT_VERSION = 1;
				DEVELOPMENT_TEAM = "";
				ENABLE_USER_SCRIPT_SANDBOXING = NO;
				INFOPLIST_FILE = GapSchedule/Info.plist;
				IPHONEOS_DEPLOYMENT_TARGET = 16.0;
				LD_RUNPATH_SEARCH_PATHS = "$(inherited) @executable_path/Frameworks";
				MARKETING_VERSION = 1.0;
				PRODUCT_BUNDLE_IDENTIFIER = com.gap.schedule;
				PRODUCT_NAME = GapSchedule;
				SUPPORTED_PLATFORMS = iphoneos;
				SWIFT_VERSION = 5.0;
				TARGETED_DEVICE_FAMILY = 1;
			};
			name = Debug;
		};
		5292B6D2DE7248A68992929B /* Release */ = {
			isa = XCBuildConfiguration;
			buildSettings = {
				ASSETCATALOG_COMPILER_APPICON_NAME = AppIcon;
				CODE_SIGN_IDENTITY = "";
				CODE_SIGN_STYLE = Manual;
				CURRENT_PROJECT_VERSION = 1;
				DEVELOPMENT_TEAM = "";
				ENABLE_USER_SCRIPT_SANDBOXING = NO;
				INFOPLIST_FILE = GapSchedule/Info.plist;
				IPHONEOS_DEPLOYMENT_TARGET = 16.0;
				LD_RUNPATH_SEARCH_PATHS = "$(inherited) @executable_path/Frameworks";
				MARKETING_VERSION = 1.0;
				PRODUCT_BUNDLE_IDENTIFIER = com.gap.schedule;
				PRODUCT_NAME = GapSchedule;
				SUPPORTED_PLATFORMS = iphoneos;
				SWIFT_VERSION = 5.0;
				TARGETED_DEVICE_FAMILY = 1;
			};
			name = Release;
		};

/* End XCBuildConfiguration section */

/* Begin XCConfigurationList section */
		F1F9CA8DFE1B455B938FD6BA = {
			isa = XCConfigurationList;
			buildConfigurations = (3A73FADA11914A8498EB72E9, 093398FD300E41E1979EDB33);
			defaultConfigurationIsVisible = 0;
			defaultConfigurationName = Release;
		};
		2B388729DB8040AB82F42222 = {
			isa = XCConfigurationList;
			buildConfigurations = (9F9C5C2ACEB54C62BBAA658E, 5292B6D2DE7248A68992929B);
			defaultConfigurationIsVisible = 0;
			defaultConfigurationName = Release;
		};

/* End XCConfigurationList section */
	};
	rootObject = EC222576C61140FFBC4DAA33 /* Project object */;
}
