// !$*UTF8*$!
{
	archiveVersion = 1;
	classes = {
	};
	objectVersion = 56;
	objects = {

/* Begin PBXBuildFile section */
		DA2C3879B14248C39510F96A /* GapScheduleApp.swift in Sources */ = {isa = PBXBuildFile; fileRef = 088567DC415F41D786AD2FCA /* GapScheduleApp.swift */; };
		0C4B14FA22FC4308A8251DA9 /* ContentView.swift in Sources */ = {isa = PBXBuildFile; fileRef = 6964BABFBB8B491C89888A1A /* ContentView.swift */; };
		CCC4C5F2793C49A4AE8C0690 /* TaskData.swift in Sources */ = {isa = PBXBuildFile; fileRef = 99940C9A0ADF423B84143A9C /* TaskData.swift */; };
		274DDC1C3EB142E585DA9998 /* TaskStore.swift in Sources */ = {isa = PBXBuildFile; fileRef = 6B4BA6FAFB5F449CB4E5CAD8 /* TaskStore.swift */; };
		4873EB7240764F2E84C99CA0 /* CalendarGridView.swift in Sources */ = {isa = PBXBuildFile; fileRef = 1CE040EE01EC4A19AA28D0CC /* CalendarGridView.swift */; };
		169C3F66C6B2416AB40B9D1E /* TaskRowView.swift in Sources */ = {isa = PBXBuildFile; fileRef = 08E69EA1264B42E481782D95 /* TaskRowView.swift */; };
		7AFB82DB2C20455BB2B5E99A /* ReminderPopupView.swift in Sources */ = {isa = PBXBuildFile; fileRef = 15ED3CECDAC143FBAA07412C /* ReminderPopupView.swift */; };
		855EF3B1C6764B07932E4EE6 /* TaskEditorView.swift in Sources */ = {isa = PBXBuildFile; fileRef = 0B90B4538DE94752B98EFB53 /* TaskEditorView.swift */; };
		1D2BC73C3F124AD399030F37 /* DashboardView.swift in Sources */ = {isa = PBXBuildFile; fileRef = 507CAB3662EF40C0AE4855BE /* DashboardView.swift */; };
		DFB7FD79B5194DEB96278F1D /* NotificationManager.swift in Sources */ = {isa = PBXBuildFile; fileRef = CD2365AF4074446D86F4BCFF /* NotificationManager.swift */; };
		967DB618FB3343D6B029C49C /* ScheduleManager.swift in Sources */ = {isa = PBXBuildFile; fileRef = 4B9D8274F54847FA86AF514E /* ScheduleManager.swift */; };
		3A52E4F798054719ABBC271A /* SpeechManager.swift in Sources */ = {isa = PBXBuildFile; fileRef = 8F8EC51FA3EA44CEBC9DA9A2 /* SpeechManager.swift */; };

/* End PBXBuildFile section */

/* Begin PBXFileReference section */
		088567DC415F41D786AD2FCA /* GapScheduleApp.swift */ = {isa = PBXFileReference; lastKnownFileType = sourcecode.swift; path = GapScheduleApp.swift; sourceTree = "<group>"; };
		6964BABFBB8B491C89888A1A /* ContentView.swift */ = {isa = PBXFileReference; lastKnownFileType = sourcecode.swift; path = ContentView.swift; sourceTree = "<group>"; };
		99940C9A0ADF423B84143A9C /* TaskData.swift */ = {isa = PBXFileReference; lastKnownFileType = sourcecode.swift; path = TaskData.swift; sourceTree = "<group>"; };
		6B4BA6FAFB5F449CB4E5CAD8 /* TaskStore.swift */ = {isa = PBXFileReference; lastKnownFileType = sourcecode.swift; path = TaskStore.swift; sourceTree = "<group>"; };
		1CE040EE01EC4A19AA28D0CC /* CalendarGridView.swift */ = {isa = PBXFileReference; lastKnownFileType = sourcecode.swift; path = CalendarGridView.swift; sourceTree = "<group>"; };
		08E69EA1264B42E481782D95 /* TaskRowView.swift */ = {isa = PBXFileReference; lastKnownFileType = sourcecode.swift; path = TaskRowView.swift; sourceTree = "<group>"; };
		15ED3CECDAC143FBAA07412C /* ReminderPopupView.swift */ = {isa = PBXFileReference; lastKnownFileType = sourcecode.swift; path = ReminderPopupView.swift; sourceTree = "<group>"; };
		0B90B4538DE94752B98EFB53 /* TaskEditorView.swift */ = {isa = PBXFileReference; lastKnownFileType = sourcecode.swift; path = TaskEditorView.swift; sourceTree = "<group>"; };
		507CAB3662EF40C0AE4855BE /* DashboardView.swift */ = {isa = PBXFileReference; lastKnownFileType = sourcecode.swift; path = DashboardView.swift; sourceTree = "<group>"; };
		CD2365AF4074446D86F4BCFF /* NotificationManager.swift */ = {isa = PBXFileReference; lastKnownFileType = sourcecode.swift; path = NotificationManager.swift; sourceTree = "<group>"; };
		4B9D8274F54847FA86AF514E /* ScheduleManager.swift */ = {isa = PBXFileReference; lastKnownFileType = sourcecode.swift; path = ScheduleManager.swift; sourceTree = "<group>"; };
		8F8EC51FA3EA44CEBC9DA9A2 /* SpeechManager.swift */ = {isa = PBXFileReference; lastKnownFileType = sourcecode.swift; path = SpeechManager.swift; sourceTree = "<group>"; };
		6A6DE08620274DAFACA74518 /* Info.plist */ = {isa = PBXFileReference; lastKnownFileType = text.plist.xml; path = Info.plist; sourceTree = "<group>"; };
		60896EFB94364346A2B61F25 /* GapSchedule.app */ = {isa = PBXFileReference; explicitFileType = wrapper.application; includeInIndex = 0; path = GapSchedule.app; sourceTree = BUILT_PRODUCTS_DIR; };

/* End PBXFileReference section */

/* Begin PBXGroup section */
		3F07BDBBB7E44CCBA911E766 = {
			isa = PBXGroup;
			children = (
				31E5ED17BCF94D138215F9A0 /* GapSchedule */,
				213A924144024E4F9B05F43A /* Products */,
			);
			sourceTree = "<group>";
		};
		31E5ED17BCF94D138215F9A0 = {
			isa = PBXGroup;
			children = (
				088567DC415F41D786AD2FCA /* GapScheduleApp.swift */,
				6964BABFBB8B491C89888A1A /* ContentView.swift */,
				E46AA4C073E24477BB497A4C /* Models */,
				E78FE21C0B004D3CABD4D640 /* Views */,
				819D2635D6CF47BFB7943BD9 /* Managers */,
				6A6DE08620274DAFACA74518 /* Info.plist */,
			);
			path = GapSchedule;
			sourceTree = "<group>";
		};
		E46AA4C073E24477BB497A4C = {
			isa = PBXGroup;
			children = (
				99940C9A0ADF423B84143A9C /* TaskData.swift */,
			);
			path = Models;
			sourceTree = "<group>";
		};
		E78FE21C0B004D3CABD4D640 = {
			isa = PBXGroup;
			children = (
				6B4BA6FAFB5F449CB4E5CAD8 /* CalendarGridView.swift */,
				1CE040EE01EC4A19AA28D0CC /* TaskRowView.swift */,
				08E69EA1264B42E481782D95 /* ReminderPopupView.swift */,
			);
			path = Views;
			sourceTree = "<group>";
		};
		819D2635D6CF47BFB7943BD9 = {
			isa = PBXGroup;
			children = (
				15ED3CECDAC143FBAA07412C /* NotificationManager.swift */,
				0B90B4538DE94752B98EFB53 /* ScheduleManager.swift */,
				507CAB3662EF40C0AE4855BE /* SpeechManager.swift */,
			);
			path = Managers;
			sourceTree = "<group>";
		};
		213A924144024E4F9B05F43A = {
			isa = PBXGroup;
			children = (
				60896EFB94364346A2B61F25 /* GapSchedule.app */,
			);
			name = Products;
			sourceTree = "<group>";
		};

/* End PBXGroup section */

/* Begin PBXNativeTarget section */
		B50D06B7AB0B44CE8CDB6D4E /* GapSchedule */ = {
			isa = PBXNativeTarget;
			buildConfigurationList = 31C0E759A68942A5A76EB842 /* Build configuration list */;
			buildPhases = (
				B9E1DB04FBD34AEB9EB77160 /* Sources */,
				0BDD941DEC65473D87970C18 /* Resources */,
			);
			buildRules = ();
			dependencies = ();
			name = GapSchedule;
			productName = GapSchedule;
			productReference = 60896EFB94364346A2B61F25 /* GapSchedule.app */;
			productType = "com.apple.product-type.application";
		};

/* End PBXNativeTarget section */

/* Begin PBXProject section */
		E45FAE3A179443BEAAA5B6C0 /* Project object */ = {
			isa = PBXProject;
			attributes = {
				BuildIndependentTargetsInParallel = 1;
				LastSwiftUpdateCheck = 1540;
				LastUpgradeCheck = 1540;
				TargetAttributes = {
					B50D06B7AB0B44CE8CDB6D4E = {
						CreatedOnToolsVersion = 15.4;
					};
				};
			};
			buildConfigurationList = FE5836F611AF4B30A35C92B8 /* Build configuration list */;
			compatibilityVersion = "Xcode 15.0";
			developmentRegion = "zh-Hans";
			hasScannedForEncodings = 0;
			knownRegions = (en, "zh-Hans");
			mainGroup = 3F07BDBBB7E44CCBA911E766;
			productRefGroup = 213A924144024E4F9B05F43A /* Products */;
			projectDirPath = "";
			projectRoot = "";
			targets = (
				B50D06B7AB0B44CE8CDB6D4E /* GapSchedule */,
			);
		};

/* End PBXProject section */

/* Begin PBXResourcesBuildPhase section */
		0BDD941DEC65473D87970C18 /* Resources */ = {
			isa = PBXResourcesBuildPhase;
			buildActionMask = 2147483647;
			files = (
			);
			runOnlyForDeploymentPostprocessing = 0;
		};

/* End PBXResourcesBuildPhase section */

/* Begin PBXSourcesBuildPhase section */
		B9E1DB04FBD34AEB9EB77160 /* Sources */ = {
			isa = PBXSourcesBuildPhase;
			buildActionMask = 2147483647;
			files = (
				DA2C3879B14248C39510F96A /* GapScheduleApp.swift in Sources */,
				0C4B14FA22FC4308A8251DA9 /* ContentView.swift in Sources */,
				CCC4C5F2793C49A4AE8C0690 /* TaskData.swift in Sources */,
				274DDC1C3EB142E585DA9998 /* TaskStore.swift in Sources */,
				4873EB7240764F2E84C99CA0 /* CalendarGridView.swift in Sources */,
				169C3F66C6B2416AB40B9D1E /* TaskRowView.swift in Sources */,
				7AFB82DB2C20455BB2B5E99A /* ReminderPopupView.swift in Sources */,
				855EF3B1C6764B07932E4EE6 /* TaskEditorView.swift in Sources */,
				1D2BC73C3F124AD399030F37 /* DashboardView.swift in Sources */,
				DFB7FD79B5194DEB96278F1D /* NotificationManager.swift in Sources */,
				967DB618FB3343D6B029C49C /* ScheduleManager.swift in Sources */,
				3A52E4F798054719ABBC271A /* SpeechManager.swift in Sources */,
			);
			runOnlyForDeploymentPostprocessing = 0;
		};

/* End PBXSourcesBuildPhase section */

/* Begin XCBuildConfiguration section */
		D8A756C3C4264D52BE040817 /* Debug */ = {
			isa = XCBuildConfiguration;
			buildSettings = {
				ALWAYS_SEARCH_USER_PATHS = NO;
				CLANG_ENABLE_MODULES = YES;
				IPHONEOS_DEPLOYMENT_TARGET = 16.0;
				SDKROOT = iphoneos;
				SWIFT_VERSION = 5.0;
			};
			name = Debug;
		};
		AA1F381B612A408498BB536F /* Release */ = {
			isa = XCBuildConfiguration;
			buildSettings = {
				ALWAYS_SEARCH_USER_PATHS = NO;
				CLANG_ENABLE_MODULES = YES;
				IPHONEOS_DEPLOYMENT_TARGET = 16.0;
				SDKROOT = iphoneos;
				SWIFT_VERSION = 5.0;
			};
			name = Release;
		};
		E002E9ABD3D54D01A449D76A /* Debug */ = {
			isa = XCBuildConfiguration;
			buildSettings = {
				ASSETCATALOG_COMPILER_APPICON_NAME = AppIcon;
				CODE_SIGN_IDENTITY = "";
				CODE_SIGN_STYLE = Manual;
				CURRENT_PROJECT_VERSION = 1;
				DEVELOPMENT_TEAM = "";
				ENABLE_USER_SCRIPT_SANDBOXING = NO;
				INFOPLIST_FILE = GapSchedule/Info.plist;
				IPHONEOS_DEPLOYMENT_TARGET = 16.0;
				LD_RUNPATH_SEARCH_PATHS = "$(inherited) @executable_path/Frameworks";
				MARKETING_VERSION = 1.0;
				PRODUCT_BUNDLE_IDENTIFIER = com.gap.schedule;
				PRODUCT_NAME = GapSchedule;
				SUPPORTED_PLATFORMS = iphoneos;
				SWIFT_VERSION = 5.0;
				TARGETED_DEVICE_FAMILY = 1;
			};
			name = Debug;
		};
		5336691553954CA9B1E2AE1D /* Release */ = {
			isa = XCBuildConfiguration;
			buildSettings = {
				ASSETCATALOG_COMPILER_APPICON_NAME = AppIcon;
				CODE_SIGN_IDENTITY = "";
				CODE_SIGN_STYLE = Manual;
				CURRENT_PROJECT_VERSION = 1;
				DEVELOPMENT_TEAM = "";
				ENABLE_USER_SCRIPT_SANDBOXING = NO;
				INFOPLIST_FILE = GapSchedule/Info.plist;
				IPHONEOS_DEPLOYMENT_TARGET = 16.0;
				LD_RUNPATH_SEARCH_PATHS = "$(inherited) @executable_path/Frameworks";
				MARKETING_VERSION = 1.0;
				PRODUCT_BUNDLE_IDENTIFIER = com.gap.schedule;
				PRODUCT_NAME = GapSchedule;
				SUPPORTED_PLATFORMS = iphoneos;
				SWIFT_VERSION = 5.0;
				TARGETED_DEVICE_FAMILY = 1;
			};
			name = Release;
		};

/* End XCBuildConfiguration section */

/* Begin XCConfigurationList section */
		FE5836F611AF4B30A35C92B8 = {
			isa = XCConfigurationList;
			buildConfigurations = (D8A756C3C4264D52BE040817, AA1F381B612A408498BB536F);
			defaultConfigurationIsVisible = 0;
			defaultConfigurationName = Release;
		};
		31C0E759A68942A5A76EB842 = {
			isa = XCConfigurationList;
			buildConfigurations = (E002E9ABD3D54D01A449D76A, 5336691553954CA9B1E2AE1D);
			defaultConfigurationIsVisible = 0;
			defaultConfigurationName = Release;
		};

/* End XCConfigurationList section */
	};
	rootObject = E45FAE3A179443BEAAA5B6C0 /* Project object */;
}
